// !$*UTF8*$!
{
	archiveVersion = 1;
	classes = {
	};
	objectVersion = 46;
	objects = {

/* Begin PBXBuildFile section */
		2277CEFB46CB7DEFA0665BF1 /* Foundation.framework in Frameworks */ = {isa = PBXBuildFile; fileRef = F8CE5BDD97575D2BEC240416 /* Foundation.framework */; };
		D355F4B91C601FB000481661 /* ALBorderedView.h in Headers */ = {isa = PBXBuildFile; fileRef = D355F4AF1C601FB000481661 /* ALBorderedView.h */; settings = {ATTRIBUTES = (Public, ); }; };
		D355F4BA1C601FB000481661 /* ALBorderedView.m in Sources */ = {isa = PBXBuildFile; fileRef = D355F4B01C601FB000481661 /* ALBorderedView.m */; };
		D355F4BD1C601FB000481661 /* ALIndicatorView.h in Headers */ = {isa = PBXBuildFile; fileRef = D355F4B31C601FB000481661 /* ALIndicatorView.h */; settings = {ATTRIBUTES = (Public, ); }; };
		D355F4BE1C601FB000481661 /* ALIndicatorView.m in Sources */ = {isa = PBXBuildFile; fileRef = D355F4B41C601FB000481661 /* ALIndicatorView.m */; };
		D355F4C11C601FB000481661 /* ALTimeSeriesView.h in Headers */ = {isa = PBXBuildFile; fileRef = D355F4B71C601FB000481661 /* ALTimeSeriesView.h */; settings = {ATTRIBUTES = (Public, ); }; };
		D355F4C21C601FB000481661 /* ALTimeSeriesView.m in Sources */ = {isa = PBXBuildFile; fileRef = D355F4B81C601FB000481661 /* ALTimeSeriesView.m */; };
		D355F4C41C601FD200481661 /* UIKit.framework in Frameworks */ = {isa = PBXBuildFile; fileRef = D355F4C31C601FD200481661 /* UIKit.framework */; };
		D3F775851C7BDDFA00AE1631 /* ALHistogramView.h in Headers */ = {isa = PBXBuildFile; fileRef = D3F775831C7BDDFA00AE1631 /* ALHistogramView.h */; };
		D3F775861C7BDDFA00AE1631 /* ALHistogramView.m in Sources */ = {isa = PBXBuildFile; fileRef = D3F775841C7BDDFA00AE1631 /* ALHistogramView.m */; };
		F329E86CA31EACB3982FB7A5 /* ALGaugeKit.h in Headers */ = {isa = PBXBuildFile; fileRef = 840053A737C9A765B2EABDC3 /* ALGaugeKit.h */; settings = {ATTRIBUTES = (Public, ); }; };
/* End PBXBuildFile section */

/* Begin PBXContainerItemProxy section */
		55C70D3018A6D7475F253145 /* PBXContainerItemProxy */ = {
			isa = PBXContainerItemProxy;
			containerPortal = 042651BBD80699E4A1566CBD /* Project object */;
			proxyType = 1;
			remoteGlobalIDString = 6343FEA4AD89A8ECC9825E5E;
			remoteInfo = ALGaugeKit;
		};
/* End PBXContainerItemProxy section */

/* Begin PBXFileReference section */
		0A284341F8D1DA00B4606645 /* Profile.xcconfig */ = {isa = PBXFileReference; includeInIndex = 1; lastKnownFileType = text.xcconfig; name = Profile.xcconfig; path = Carthage/Checkouts/xcconfigs/Base/Configurations/Profile.xcconfig; sourceTree = "<group>"; };
		0B8B22BD4AA5FDF4F56BD378 /* iOS-Application.xcconfig */ = {isa = PBXFileReference; includeInIndex = 1; lastKnownFileType = text.xcconfig; name = "iOS-Application.xcconfig"; path = "Carthage/Checkouts/xcconfigs/iOS/iOS-Application.xcconfig"; sourceTree = "<group>"; };
		2A9787B4D424001C72204428 /* ALGaugeKitTests.xctest */ = {isa = PBXFileReference; explicitFileType = wrapper.cfbundle; includeInIndex = 0; path = ALGaugeKitTests.xctest; sourceTree = BUILT_PRODUCTS_DIR; };
		347EFAF309AC77CCB4D5AD94 /* Application.xcconfig */ = {isa = PBXFileReference; includeInIndex = 1; lastKnownFileType = text.xcconfig; name = Application.xcconfig; path = Carthage/Checkouts/xcconfigs/Base/Targets/Application.xcconfig; sourceTree = "<group>"; };
		43A1FB0707B9CF03E21C0B4F /* Release.xcconfig */ = {isa = PBXFileReference; includeInIndex = 1; lastKnownFileType = text.xcconfig; name = Release.xcconfig; path = Carthage/Checkouts/xcconfigs/Base/Configurations/Release.xcconfig; sourceTree = "<group>"; };
		455B19CA0E58DF87DBE39D87 /* Info.plist */ = {isa = PBXFileReference; includeInIndex = 1; lastKnownFileType = text.plist.xml; path = Info.plist; sourceTree = "<group>"; };
		4A573A6FB55D6E33F1C4AB1E /* ALGaugeKitTests.xcconfig */ = {isa = PBXFileReference; includeInIndex = 1; lastKnownFileType = text.xcconfig; name = ALGaugeKitTests.xcconfig; path = ALGaugeKitTests/ALGaugeKitTests.xcconfig; sourceTree = "<group>"; };
		555F7FDA2D1C42C1CB176B1C /* ALGaugeKit.framework */ = {isa = PBXFileReference; explicitFileType = wrapper.framework; includeInIndex = 0; path = ALGaugeKit.framework; sourceTree = BUILT_PRODUCTS_DIR; };
		7CB9F88D7935AEB36C5FBFFB /* iOS-StaticLibrary.xcconfig */ = {isa = PBXFileReference; includeInIndex = 1; lastKnownFileType = text.xcconfig; name = "iOS-StaticLibrary.xcconfig"; path = "Carthage/Checkouts/xcconfigs/iOS/iOS-StaticLibrary.xcconfig"; sourceTree = "<group>"; };
		81F63B26F0B4BE2E365D8BE8 /* iOS-Base.xcconfig */ = {isa = PBXFileReference; includeInIndex = 1; lastKnownFileType = text.xcconfig; name = "iOS-Base.xcconfig"; path = "Carthage/Checkouts/xcconfigs/iOS/iOS-Base.xcconfig"; sourceTree = "<group>"; };
		840053A737C9A765B2EABDC3 /* ALGaugeKit.h */ = {isa = PBXFileReference; includeInIndex = 1; lastKnownFileType = sourcecode.c.h; path = ALGaugeKit.h; sourceTree = "<group>"; };
		A7BE86F9590A3772497E730E /* Debug.xcconfig */ = {isa = PBXFileReference; includeInIndex = 1; lastKnownFileType = text.xcconfig; name = Debug.xcconfig; path = Carthage/Checkouts/xcconfigs/Base/Configurations/Debug.xcconfig; sourceTree = "<group>"; };
		AEBF36E23CCACE8114918F3E /* Info.plist */ = {isa = PBXFileReference; includeInIndex = 1; lastKnownFileType = text.plist.xml; path = Info.plist; sourceTree = "<group>"; };
		B2A01D3B3F3E5C143C419F36 /* iOS-Framework.xcconfig */ = {isa = PBXFileReference; includeInIndex = 1; lastKnownFileType = text.xcconfig; name = "iOS-Framework.xcconfig"; path = "Carthage/Checkouts/xcconfigs/iOS/iOS-Framework.xcconfig"; sourceTree = "<group>"; };
		BE9A29CD583F5734B269776B /* Common.xcconfig */ = {isa = PBXFileReference; includeInIndex = 1; lastKnownFileType = text.xcconfig; name = Common.xcconfig; path = Carthage/Checkouts/xcconfigs/Base/Common.xcconfig; sourceTree = "<group>"; };
		C0B67AFFD617C1F331222071 /* StaticLibrary.xcconfig */ = {isa = PBXFileReference; includeInIndex = 1; lastKnownFileType = text.xcconfig; name = StaticLibrary.xcconfig; path = Carthage/Checkouts/xcconfigs/Base/Targets/StaticLibrary.xcconfig; sourceTree = "<group>"; };
		D203D973B5D7899F395DCD89 /* Test.xcconfig */ = {isa = PBXFileReference; includeInIndex = 1; lastKnownFileType = text.xcconfig; name = Test.xcconfig; path = Carthage/Checkouts/xcconfigs/Base/Configurations/Test.xcconfig; sourceTree = "<group>"; };
		D355F4AF1C601FB000481661 /* ALBorderedView.h */ = {isa = PBXFileReference; fileEncoding = 4; lastKnownFileType = sourcecode.c.h; path = ALBorderedView.h; sourceTree = "<group>"; };
		D355F4B01C601FB000481661 /* ALBorderedView.m */ = {isa = PBXFileReference; fileEncoding = 4; lastKnownFileType = sourcecode.c.objc; path = ALBorderedView.m; sourceTree = "<group>"; };
		D355F4B31C601FB000481661 /* ALIndicatorView.h */ = {isa = PBXFileReference; fileEncoding = 4; lastKnownFileType = sourcecode.c.h; path = ALIndicatorView.h; sourceTree = "<group>"; };
		D355F4B41C601FB000481661 /* ALIndicatorView.m */ = {isa = PBXFileReference; fileEncoding = 4; lastKnownFileType = sourcecode.c.objc; path = ALIndicatorView.m; sourceTree = "<group>"; };
		D355F4B71C601FB000481661 /* ALTimeSeriesView.h */ = {isa = PBXFileReference; fileEncoding = 4; lastKnownFileType = sourcecode.c.h; path = ALTimeSeriesView.h; sourceTree = "<group>"; };
		D355F4B81C601FB000481661 /* ALTimeSeriesView.m */ = {isa = PBXFileReference; fileEncoding = 4; lastKnownFileType = sourcecode.c.objc; path = ALTimeSeriesView.m; sourceTree = "<group>"; };
		D355F4C31C601FD200481661 /* UIKit.framework */ = {isa = PBXFileReference; lastKnownFileType = wrapper.framework; name = UIKit.framework; path = Platforms/iPhoneOS.platform/Developer/SDKs/iPhoneOS9.2.sdk/System/Library/Frameworks/UIKit.framework; sourceTree = DEVELOPER_DIR; };
		D3F775831C7BDDFA00AE1631 /* ALHistogramView.h */ = {isa = PBXFileReference; fileEncoding = 4; lastKnownFileType = sourcecode.c.h; path = ALHistogramView.h; sourceTree = "<group>"; };
		D3F775841C7BDDFA00AE1631 /* ALHistogramView.m */ = {isa = PBXFileReference; fileEncoding = 4; lastKnownFileType = sourcecode.c.objc; path = ALHistogramView.m; sourceTree = "<group>"; };
		E87B4C5FA183BFE8A7A68CB5 /* Framework.xcconfig */ = {isa = PBXFileReference; includeInIndex = 1; lastKnownFileType = text.xcconfig; name = Framework.xcconfig; path = Carthage/Checkouts/xcconfigs/Base/Targets/Framework.xcconfig; sourceTree = "<group>"; };
		F3B1C4DACAD726790F0E53D7 /* ALGaugeKit.xcconfig */ = {isa = PBXFileReference; includeInIndex = 1; lastKnownFileType = text.xcconfig; name = ALGaugeKit.xcconfig; path = ALGaugeKit/ALGaugeKit.xcconfig; sourceTree = "<group>"; };
		F8CE5BDD97575D2BEC240416 /* Foundation.framework */ = {isa = PBXFileReference; lastKnownFileType = wrapper.framework; name = Foundation.framework; path = Platforms/iPhoneOS.platform/Developer/SDKs/iPhoneOS9.0.sdk/System/Library/Frameworks/Foundation.framework; sourceTree = DEVELOPER_DIR; };
/* End PBXFileReference section */

/* Begin PBXFrameworksBuildPhase section */
		1E1FEB3480642C58BA60A629 /* Frameworks */ = {
			isa = PBXFrameworksBuildPhase;
			buildActionMask = 2147483647;
			files = (
			);
			runOnlyForDeploymentPostprocessing = 0;
		};
		23930E03612CCFE3B0F3722E /* Frameworks */ = {
			isa = PBXFrameworksBuildPhase;
			buildActionMask = 2147483647;
			files = (
				D355F4C41C601FD200481661 /* UIKit.framework in Frameworks */,
				2277CEFB46CB7DEFA0665BF1 /* Foundation.framework in Frameworks */,
			);
			runOnlyForDeploymentPostprocessing = 0;
		};
/* End PBXFrameworksBuildPhase section */

/* Begin PBXGroup section */
		490FF83F3B04EFDC0E73DD4C /* iOS */ = {
			isa = PBXGroup;
			children = (
				F8CE5BDD97575D2BEC240416 /* Foundation.framework */,
			);
			name = iOS;
			sourceTree = "<group>";
		};
		4BD5198F44F775AD2A4721C1 /* Targets */ = {
			isa = PBXGroup;
			children = (
				347EFAF309AC77CCB4D5AD94 /* Application.xcconfig */,
				E87B4C5FA183BFE8A7A68CB5 /* Framework.xcconfig */,
				C0B67AFFD617C1F331222071 /* StaticLibrary.xcconfig */,
			);
			name = Targets;
			sourceTree = "<group>";
		};
		7E840DB8299C740E94F491C6 /* Base */ = {
			isa = PBXGroup;
			children = (
				E70565BF130B43BE09F9BF63 /* Configurations */,
				4BD5198F44F775AD2A4721C1 /* Targets */,
				BE9A29CD583F5734B269776B /* Common.xcconfig */,
			);
			name = Base;
			sourceTree = "<group>";
		};
		997893CCB5BD42F55A83525D /* Configuration */ = {
			isa = PBXGroup;
			children = (
				7E840DB8299C740E94F491C6 /* Base */,
				AC0EC9DF3D2DAAA69D2B5E29 /* iOS */,
				F3B1C4DACAD726790F0E53D7 /* ALGaugeKit.xcconfig */,
				4A573A6FB55D6E33F1C4AB1E /* ALGaugeKitTests.xcconfig */,
			);
			name = Configuration;
			sourceTree = "<group>";
		};
		AB490FFFB3870B6AA90E8473 /* Products */ = {
			isa = PBXGroup;
			children = (
				555F7FDA2D1C42C1CB176B1C /* ALGaugeKit.framework */,
				2A9787B4D424001C72204428 /* ALGaugeKitTests.xctest */,
			);
			name = Products;
			sourceTree = "<group>";
		};
		AC0EC9DF3D2DAAA69D2B5E29 /* iOS */ = {
			isa = PBXGroup;
			children = (
				0B8B22BD4AA5FDF4F56BD378 /* iOS-Application.xcconfig */,
				81F63B26F0B4BE2E365D8BE8 /* iOS-Base.xcconfig */,
				B2A01D3B3F3E5C143C419F36 /* iOS-Framework.xcconfig */,
				7CB9F88D7935AEB36C5FBFFB /* iOS-StaticLibrary.xcconfig */,
			);
			name = iOS;
			sourceTree = "<group>";
		};
		B3D75A1D7A68300F162D8C0C /* ALGaugeKit */ = {
			isa = PBXGroup;
			children = (
				455B19CA0E58DF87DBE39D87 /* Info.plist */,
				840053A737C9A765B2EABDC3 /* ALGaugeKit.h */,
				D355F4AF1C601FB000481661 /* ALBorderedView.h */,
				D355F4B01C601FB000481661 /* ALBorderedView.m */,
				D355F4B31C601FB000481661 /* ALIndicatorView.h */,
				D355F4B41C601FB000481661 /* ALIndicatorView.m */,
				D355F4B71C601FB000481661 /* ALTimeSeriesView.h */,
				D355F4B81C601FB000481661 /* ALTimeSeriesView.m */,
				D3F775831C7BDDFA00AE1631 /* ALHistogramView.h */,
				D3F775841C7BDDFA00AE1631 /* ALHistogramView.m */,
			);
			path = ALGaugeKit;
			sourceTree = "<group>";
		};
		D12EC9C2FF8DE8C394C5265A /* Frameworks */ = {
			isa = PBXGroup;
			children = (
				D355F4C31C601FD200481661 /* UIKit.framework */,
				490FF83F3B04EFDC0E73DD4C /* iOS */,
			);
			name = Frameworks;
			sourceTree = "<group>";
		};
		D2C0014AFBDF3A75699CD901 /* ALGaugeKitTests */ = {
			isa = PBXGroup;
			children = (
				AEBF36E23CCACE8114918F3E /* Info.plist */,
			);
			path = ALGaugeKitTests;
			sourceTree = "<group>";
		};
		E70565BF130B43BE09F9BF63 /* Configurations */ = {
			isa = PBXGroup;
			children = (
				A7BE86F9590A3772497E730E /* Debug.xcconfig */,
				0A284341F8D1DA00B4606645 /* Profile.xcconfig */,
				43A1FB0707B9CF03E21C0B4F /* Release.xcconfig */,
				D203D973B5D7899F395DCD89 /* Test.xcconfig */,
			);
			name = Configurations;
			sourceTree = "<group>";
		};
		E97C3DC12CE672CEAC209389 = {
			isa = PBXGroup;
			children = (
				B3D75A1D7A68300F162D8C0C /* ALGaugeKit */,
				D2C0014AFBDF3A75699CD901 /* ALGaugeKitTests */,
				997893CCB5BD42F55A83525D /* Configuration */,
				AB490FFFB3870B6AA90E8473 /* Products */,
				D12EC9C2FF8DE8C394C5265A /* Frameworks */,
			);
			sourceTree = "<group>";
		};
/* End PBXGroup section */

/* Begin PBXHeadersBuildPhase section */
		405464C002A540049DECB92A /* Headers */ = {
			isa = PBXHeadersBuildPhase;
			buildActionMask = 2147483647;
			files = (
				D355F4BD1C601FB000481661 /* ALIndicatorView.h in Headers */,
				D3F775851C7BDDFA00AE1631 /* ALHistogramView.h in Headers */,
				F329E86CA31EACB3982FB7A5 /* ALGaugeKit.h in Headers */,
				D355F4B91C601FB000481661 /* ALBorderedView.h in Headers */,
				D355F4C11C601FB000481661 /* ALTimeSeriesView.h in Headers */,
			);
			runOnlyForDeploymentPostprocessing = 0;
		};
/* End PBXHeadersBuildPhase section */

/* Begin PBXNativeTarget section */
		5FF48EDEC033C75F0251277B /* ALGaugeKitTests */ = {
			isa = PBXNativeTarget;
			buildConfigurationList = 70B1525A83AEDB1BE12151AB /* Build configuration list for PBXNativeTarget "ALGaugeKitTests" */;
			buildPhases = (
				2FF9E166C0BF5B82076A65C5 /* Sources */,
				1E1FEB3480642C58BA60A629 /* Frameworks */,
				08DAAD12460FF17A2C101B5E /* Resources */,
			);
			buildRules = (
			);
			dependencies = (
				634852CEB51D5C503ECC71DB /* PBXTargetDependency */,
			);
			name = ALGaugeKitTests;
			productName = ALGaugeKitTests;
			productReference = 2A9787B4D424001C72204428 /* ALGaugeKitTests.xctest */;
			productType = "com.apple.product-type.bundle.unit-test";
		};
		6343FEA4AD89A8ECC9825E5E /* ALGaugeKit */ = {
			isa = PBXNativeTarget;
			buildConfigurationList = 48F9C4C460F140279DC50A88 /* Build configuration list for PBXNativeTarget "ALGaugeKit" */;
			buildPhases = (
				4006B6DA48740E00B5686F3B /* Sources */,
				23930E03612CCFE3B0F3722E /* Frameworks */,
				405464C002A540049DECB92A /* Headers */,
			);
			buildRules = (
			);
			dependencies = (
			);
			name = ALGaugeKit;
			productName = ALGaugeKit;
			productReference = 555F7FDA2D1C42C1CB176B1C /* ALGaugeKit.framework */;
			productType = "com.apple.product-type.framework";
		};
/* End PBXNativeTarget section */

/* Begin PBXProject section */
		042651BBD80699E4A1566CBD /* Project object */ = {
			isa = PBXProject;
			attributes = {
				LastSwiftUpdateCheck = 0700;
				LastUpgradeCheck = 0720;
				ORGANIZATIONNAME = AutomaticLabs;
			};
			buildConfigurationList = 678157BD5833976B078886C7 /* Build configuration list for PBXProject "ALGaugeKit" */;
			compatibilityVersion = "Xcode 3.2";
			developmentRegion = English;
			hasScannedForEncodings = 0;
			knownRegions = (
				en,
			);
			mainGroup = E97C3DC12CE672CEAC209389;
			productRefGroup = AB490FFFB3870B6AA90E8473 /* Products */;
			projectDirPath = "";
			projectRoot = "";
			targets = (
				6343FEA4AD89A8ECC9825E5E /* ALGaugeKit */,
				5FF48EDEC033C75F0251277B /* ALGaugeKitTests */,
			);
		};
/* End PBXProject section */

/* Begin PBXResourcesBuildPhase section */
		08DAAD12460FF17A2C101B5E /* Resources */ = {
			isa = PBXResourcesBuildPhase;
			buildActionMask = 2147483647;
			files = (
			);
			runOnlyForDeploymentPostprocessing = 0;
		};
/* End PBXResourcesBuildPhase section */

/* Begin PBXSourcesBuildPhase section */
		2FF9E166C0BF5B82076A65C5 /* Sources */ = {
			isa = PBXSourcesBuildPhase;
			buildActionMask = 2147483647;
			files = (
			);
			runOnlyForDeploymentPostprocessing = 0;
		};
		4006B6DA48740E00B5686F3B /* Sources */ = {
			isa = PBXSourcesBuildPhase;
			buildActionMask = 2147483647;
			files = (
				D355F4BE1C601FB000481661 /* ALIndicatorView.m in Sources */,
				D355F4BA1C601FB000481661 /* ALBorderedView.m in Sources */,
				D3F775861C7BDDFA00AE1631 /* ALHistogramView.m in Sources */,
				D355F4C21C601FB000481661 /* ALTimeSeriesView.m in Sources */,
			);
			runOnlyForDeploymentPostprocessing = 0;
		};
/* End PBXSourcesBuildPhase section */

/* Begin PBXTargetDependency section */
		634852CEB51D5C503ECC71DB /* PBXTargetDependency */ = {
			isa = PBXTargetDependency;
			name = ALGaugeKit;
			target = 6343FEA4AD89A8ECC9825E5E /* ALGaugeKit */;
			targetProxy = 55C70D3018A6D7475F253145 /* PBXContainerItemProxy */;
		};
/* End PBXTargetDependency section */

/* Begin XCBuildConfiguration section */
		197AD9EAB010F2301CA1DFD0 /* Release */ = {
			isa = XCBuildConfiguration;
			baseConfigurationReference = 4A573A6FB55D6E33F1C4AB1E /* ALGaugeKitTests.xcconfig */;
			buildSettings = {
				PRODUCT_BUNDLE_IDENTIFIER = "com.automatic.$(PRODUCT_NAME:rfc1034identifier)";
			};
			name = Release;
		};
		3D0942539E00EDD0C96B15D6 /* Debug */ = {
			isa = XCBuildConfiguration;
			baseConfigurationReference = 4A573A6FB55D6E33F1C4AB1E /* ALGaugeKitTests.xcconfig */;
			buildSettings = {
				PRODUCT_BUNDLE_IDENTIFIER = "com.automatic.$(PRODUCT_NAME:rfc1034identifier)";
			};
			name = Debug;
		};
		6210D7F1A55046D51C6E371C /* Release */ = {
			isa = XCBuildConfiguration;
			baseConfigurationReference = F3B1C4DACAD726790F0E53D7 /* ALGaugeKit.xcconfig */;
			buildSettings = {
				PRODUCT_BUNDLE_IDENTIFIER = "com.automatic.$(PRODUCT_NAME:rfc1034identifier)";
			};
			name = Release;
		};
		8565807B23CF6F62040D33B3 /* Debug */ = {
			isa = XCBuildConfiguration;
			baseConfigurationReference = A7BE86F9590A3772497E730E /* Debug.xcconfig */;
			buildSettings = {
				ENABLE_TESTABILITY = YES;
				GCC_NO_COMMON_BLOCKS = YES;
				ONLY_ACTIVE_ARCH = YES;
			};
			name = Debug;
		};
		950B161C57F35CEA77FAABA3 /* Debug */ = {
			isa = XCBuildConfiguration;
			baseConfigurationReference = F3B1C4DACAD726790F0E53D7 /* ALGaugeKit.xcconfig */;
			buildSettings = {
				PRODUCT_BUNDLE_IDENTIFIER = "com.automatic.$(PRODUCT_NAME:rfc1034identifier)";
			};
			name = Debug;
		};
		A4476235F50C15BFD5966834 /* Release */ = {
			isa = XCBuildConfiguration;
			baseConfigurationReference = 43A1FB0707B9CF03E21C0B4F /* Release.xcconfig */;
			buildSettings = {
				GCC_NO_COMMON_BLOCKS = YES;
			};
			name = Release;
		};
/* End XCBuildConfiguration section */

/* Begin XCConfigurationList section */
		48F9C4C460F140279DC50A88 /* Build configuration list for PBXNativeTarget "ALGaugeKit" */ = {
			isa = XCConfigurationList;
			buildConfigurations = (
				6210D7F1A55046D51C6E371C /* Release */,
				950B161C57F35CEA77FAABA3 /* Debug */,
			);
			defaultConfigurationIsVisible = 0;
			defaultConfigurationName = Release;
		};
		678157BD5833976B078886C7 /* Build configuration list for PBXProject "ALGaugeKit" */ = {
			isa = XCConfigurationList;
			buildConfigurations = (
				8565807B23CF6F62040D33B3 /* Debug */,
				A4476235F50C15BFD5966834 /* Release */,
			);
			defaultConfigurationIsVisible = 0;
			defaultConfigurationName = Release;
		};
		70B1525A83AEDB1BE12151AB /* Build configuration list for PBXNativeTarget "ALGaugeKitTests" */ = {
			isa = XCConfigurationList;
			buildConfigurations = (
				197AD9EAB010F2301CA1DFD0 /* Release */,
				3D0942539E00EDD0C96B15D6 /* Debug */,
			);
			defaultConfigurationIsVisible = 0;
			defaultConfigurationName = Release;
		};
/* End XCConfigurationList section */
	};
	rootObject = 042651BBD80699E4A1566CBD /* Project object */;
}
